
Microsoft Visual Studio Solution File, Format Version 12.00
# Visual Studio Version 16
VisualStudioVersion = 16.0.30128.74
MinimumVisualStudioVersion = 10.0.40219.1
Project("{FAE04EC0-301F-11D3-BF4B-00C04F79EFBC}") = "Barcode", "Barcode.csproj", "{5417E849-8393-4492-8BDE-DBCA689E997E}"
EndProject
Project("{FAE04EC0-301F-11D3-BF4B-00C04F79EFBC}") = "DBLIB", "C:\Users\seol\Desktop\DBLIB\DBLIB\DBLIB.csproj", "{C8B688DD-ED37-4B1C-A07E-438828622007}"
EndProject
Global
	GlobalSection(SolutionConfigurationPlatforms) = preSolution
		Debug|Any CPU = Debug|Any CPU
		Release|Any CPU = Release|Any CPU
	EndGlobalSection
	GlobalSection(ProjectConfigurationPlatforms) = postSolution
		{5417E849-8393-4492-8BDE-DBCA689E997E}.Debug|Any CPU.ActiveCfg = Debug|Any CPU
		{5417E849-8393-4492-8BDE-DBCA689E997E}.Debug|Any CPU.Build.0 = Debug|Any CPU
		{5417E849-8393-4492-8BDE-DBCA689E997E}.Release|Any CPU.ActiveCfg = Release|Any CPU
		{5417E849-8393-4492-8BDE-DBCA689E997E}.Release|Any CPU.Build.0 = Release|Any CPU
		{C8B688DD-ED37-4B1C-A07E-438828622007}.Debug|Any CPU.ActiveCfg = Debug|Any CPU
		{C8B688DD-ED37-4B1C-A07E-438828622007}.Debug|Any CPU.Build.0 = Debug|Any CPU
		{C8B688DD-ED37-4B1C-A07E-438828622007}.Release|Any CPU.ActiveCfg = Release|Any CPU
		{C8B688DD-ED37-4B1C-A07E-438828622007}.Release|Any CPU.Build.0 = Release|Any CPU
	EndGlobalSection
	GlobalSection(SolutionProperties) = preSolution
		HideSolutionNode = FALSE
	EndGlobalSection
	GlobalSection(ExtensibilityGlobals) = postSolution
		SolutionGuid = {4DD760C3-6E5F-4BD8-A0C6-68F84526471A}
	EndGlobalSection
EndGlobal
